
Microsoft Visual Studio Solution File, Format Version 12.00
# Visual Studio Version 17
VisualStudioVersion = 17.8.34511.84
MinimumVisualStudioVersion = 10.0.40219.1
Project("{FAE04EC0-301F-11D3-BF4B-00C04F79EFBC}") = "Hunt", "Hunt.csproj", "{FE52EFB7-F256-471D-BA45-8B2594856712}"
EndProject
Global
	GlobalSection(SolutionConfigurationPlatforms) = preSolution
		Debug|Any CPU = Debug|Any CPU
		Release|Any CPU = Release|Any CPU
	EndGlobalSection
	GlobalSection(ProjectConfigurationPlatforms) = postSolution
		{FE52EFB7-F256-471D-BA45-8B2594856712}.Debug|Any CPU.ActiveCfg = Debug|Any CPU
		{FE52EFB7-F256-471D-BA45-8B2594856712}.Debug|Any CPU.Build.0 = Debug|Any CPU
		{FE52EFB7-F256-471D-BA45-8B2594856712}.Release|Any CPU.ActiveCfg = Release|Any CPU
		{FE52EFB7-F256-471D-BA45-8B2594856712}.Release|Any CPU.Build.0 = Release|Any CPU
	EndGlobalSection
	GlobalSection(SolutionProperties) = preSolution
		HideSolutionNode = FALSE
	EndGlobalSection
	GlobalSection(ExtensibilityGlobals) = postSolution
		SolutionGuid = {8DD45802-2746-43F4-B60F-5D7836A6EFA6}
	EndGlobalSection
EndGlobal
